
Microsoft Visual Studio Solution File, Format Version 12.00
# Visual Studio Version 16
VisualStudioVersion = 16.0.32630.194
MinimumVisualStudioVersion = 10.0.40219.1
Project("{FAE04EC0-301F-11D3-BF4B-00C04F79EFBC}") = "Exception_Handling", "Exception_Handling\Exception_Handling.csproj", "{C7C5E1D7-7D2A-4CBF-A016-E135470935AC}"
EndProject
Global
	GlobalSection(SolutionConfigurationPlatforms) = preSolution
		Debug|Any CPU = Debug|Any CPU
		Release|Any CPU = Release|Any CPU
	EndGlobalSection
	GlobalSection(ProjectConfigurationPlatforms) = postSolution
		{C7C5E1D7-7D2A-4CBF-A016-E135470935AC}.Debug|Any CPU.ActiveCfg = Debug|Any CPU
		{C7C5E1D7-7D2A-4CBF-A016-E135470935AC}.Debug|Any CPU.Build.0 = Debug|Any CPU
		{C7C5E1D7-7D2A-4CBF-A016-E135470935AC}.Release|Any CPU.ActiveCfg = Release|Any CPU
		{C7C5E1D7-7D2A-4CBF-A016-E135470935AC}.Release|Any CPU.Build.0 = Release|Any CPU
	EndGlobalSection
	GlobalSection(SolutionProperties) = preSolution
		HideSolutionNode = FALSE
	EndGlobalSection
	GlobalSection(ExtensibilityGlobals) = postSolution
		SolutionGuid = {202A9F7B-3DFA-4EBA-BE1E-EF0DF0678F48}
	EndGlobalSection
EndGlobal
